
Microsoft Visual Studio Solution File, Format Version 12.00
# Visual Studio 15
VisualStudioVersion = 15.0.27703.2035
MinimumVisualStudioVersion = 10.0.40219.1
Project("{9A19103F-16F7-4668-BE54-9A1E7A4F7556}") = "Bognabot.App", "Bognabot.App\Bognabot.App.csproj", "{F75CABAE-5D96-4032-9DAA-FA91157C13DE}"
EndProject
Project("{9A19103F-16F7-4668-BE54-9A1E7A4F7556}") = "Bognabot.Storage", "Bognabot.Storage\Bognabot.Storage.csproj", "{0541ECE8-5BD3-4965-BD0C-6DD0AF49CA26}"
EndProject
Project("{9A19103F-16F7-4668-BE54-9A1E7A4F7556}") = "Bognabot.Domain", "Bognabot.Domain\Bognabot.Domain.csproj", "{22EBE9B5-C3E2-4480-AFD8-78EAC8451201}"
EndProject
Project("{9A19103F-16F7-4668-BE54-9A1E7A4F7556}") = "Bognabot.Data", "Bognabot.Data\Bognabot.Data.csproj", "{0854D5EF-C027-4B46-84C9-CB5F513B58D8}"
EndProject
Project("{9A19103F-16F7-4668-BE54-9A1E7A4F7556}") = "Bognabot.Config", "Bognabot.Config\Bognabot.Config.csproj", "{7D5AA420-AE08-4ECE-94A3-FB3E8105F110}"
EndProject
Project("{9A19103F-16F7-4668-BE54-9A1E7A4F7556}") = "Bognabot.Net", "Bognabot.Net\Bognabot.Net.csproj", "{5B636348-025A-45A2-B20B-1AA1162B9783}"
EndProject
Project("{9A19103F-16F7-4668-BE54-9A1E7A4F7556}") = "Bognabot.Daemon", "Bognabot.Daemon\Bognabot.Daemon.csproj", "{2BDD0492-C366-4B66-9B65-F5F71907C57F}"
EndProject
Project("{9A19103F-16F7-4668-BE54-9A1E7A4F7556}") = "Bognabot.Bitmex", "Bognabot.Bitmex\Bognabot.Bitmex.csproj", "{B025CC5A-150B-4CB4-9199-DE9ABC1DA136}"
EndProject
Project("{FAE04EC0-301F-11D3-BF4B-00C04F79EFBC}") = "Bognabot.Jobs", "Bognabot.Jobs\Bognabot.Jobs.csproj", "{7F3BEB17-FE38-4ABD-B96C-9188CCDA4FF0}"
EndProject
Global
	GlobalSection(SolutionConfigurationPlatforms) = preSolution
		Debug|Any CPU = Debug|Any CPU
		Release|Any CPU = Release|Any CPU
	EndGlobalSection
	GlobalSection(ProjectConfigurationPlatforms) = postSolution
		{F75CABAE-5D96-4032-9DAA-FA91157C13DE}.Debug|Any CPU.ActiveCfg = Debug|Any CPU
		{F75CABAE-5D96-4032-9DAA-FA91157C13DE}.Debug|Any CPU.Build.0 = Debug|Any CPU
		{F75CABAE-5D96-4032-9DAA-FA91157C13DE}.Release|Any CPU.ActiveCfg = Release|Any CPU
		{F75CABAE-5D96-4032-9DAA-FA91157C13DE}.Release|Any CPU.Build.0 = Release|Any CPU
		{0541ECE8-5BD3-4965-BD0C-6DD0AF49CA26}.Debug|Any CPU.ActiveCfg = Debug|Any CPU
		{0541ECE8-5BD3-4965-BD0C-6DD0AF49CA26}.Debug|Any CPU.Build.0 = Debug|Any CPU
		{0541ECE8-5BD3-4965-BD0C-6DD0AF49CA26}.Release|Any CPU.ActiveCfg = Release|Any CPU
		{0541ECE8-5BD3-4965-BD0C-6DD0AF49CA26}.Release|Any CPU.Build.0 = Release|Any CPU
		{22EBE9B5-C3E2-4480-AFD8-78EAC8451201}.Debug|Any CPU.ActiveCfg = Debug|Any CPU
		{22EBE9B5-C3E2-4480-AFD8-78EAC8451201}.Debug|Any CPU.Build.0 = Debug|Any CPU
		{22EBE9B5-C3E2-4480-AFD8-78EAC8451201}.Release|Any CPU.ActiveCfg = Release|Any CPU
		{22EBE9B5-C3E2-4480-AFD8-78EAC8451201}.Release|Any CPU.Build.0 = Release|Any CPU
		{0854D5EF-C027-4B46-84C9-CB5F513B58D8}.Debug|Any CPU.ActiveCfg = Debug|Any CPU
		{0854D5EF-C027-4B46-84C9-CB5F513B58D8}.Debug|Any CPU.Build.0 = Debug|Any CPU
		{0854D5EF-C027-4B46-84C9-CB5F513B58D8}.Release|Any CPU.ActiveCfg = Release|Any CPU
		{0854D5EF-C027-4B46-84C9-CB5F513B58D8}.Release|Any CPU.Build.0 = Release|Any CPU
		{7D5AA420-AE08-4ECE-94A3-FB3E8105F110}.Debug|Any CPU.ActiveCfg = Debug|Any CPU
		{7D5AA420-AE08-4ECE-94A3-FB3E8105F110}.Debug|Any CPU.Build.0 = Debug|Any CPU
		{7D5AA420-AE08-4ECE-94A3-FB3E8105F110}.Release|Any CPU.ActiveCfg = Release|Any CPU
		{7D5AA420-AE08-4ECE-94A3-FB3E8105F110}.Release|Any CPU.Build.0 = Release|Any CPU
		{5B636348-025A-45A2-B20B-1AA1162B9783}.Debug|Any CPU.ActiveCfg = Debug|Any CPU
		{5B636348-025A-45A2-B20B-1AA1162B9783}.Debug|Any CPU.Build.0 = Debug|Any CPU
		{5B636348-025A-45A2-B20B-1AA1162B9783}.Release|Any CPU.ActiveCfg = Release|Any CPU
		{5B636348-025A-45A2-B20B-1AA1162B9783}.Release|Any CPU.Build.0 = Release|Any CPU
		{2BDD0492-C366-4B66-9B65-F5F71907C57F}.Debug|Any CPU.ActiveCfg = Debug|Any CPU
		{2BDD0492-C366-4B66-9B65-F5F71907C57F}.Debug|Any CPU.Build.0 = Debug|Any CPU
		{2BDD0492-C366-4B66-9B65-F5F71907C57F}.Release|Any CPU.ActiveCfg = Release|Any CPU
		{2BDD0492-C366-4B66-9B65-F5F71907C57F}.Release|Any CPU.Build.0 = Release|Any CPU
		{B025CC5A-150B-4CB4-9199-DE9ABC1DA136}.Debug|Any CPU.ActiveCfg = Debug|Any CPU
		{B025CC5A-150B-4CB4-9199-DE9ABC1DA136}.Debug|Any CPU.Build.0 = Debug|Any CPU
		{B025CC5A-150B-4CB4-9199-DE9ABC1DA136}.Release|Any CPU.ActiveCfg = Release|Any CPU
		{B025CC5A-150B-4CB4-9199-DE9ABC1DA136}.Release|Any CPU.Build.0 = Release|Any CPU
		{7F3BEB17-FE38-4ABD-B96C-9188CCDA4FF0}.Debug|Any CPU.ActiveCfg = Debug|Any CPU
		{7F3BEB17-FE38-4ABD-B96C-9188CCDA4FF0}.Debug|Any CPU.Build.0 = Debug|Any CPU
		{7F3BEB17-FE38-4ABD-B96C-9188CCDA4FF0}.Release|Any CPU.ActiveCfg = Release|Any CPU
		{7F3BEB17-FE38-4ABD-B96C-9188CCDA4FF0}.Release|Any CPU.Build.0 = Release|Any CPU
	EndGlobalSection
	GlobalSection(SolutionProperties) = preSolution
		HideSolutionNode = FALSE
	EndGlobalSection
	GlobalSection(ExtensibilityGlobals) = postSolution
		SolutionGuid = {349C40F3-5C7D-4312-8CE0-3D91208DC9CA}
	EndGlobalSection
EndGlobal
